
Microsoft Visual Studio Solution File, Format Version 12.00
# Visual Studio Version 16
VisualStudioVersion = 16.6.30114.105
MinimumVisualStudioVersion = 10.0.40219.1
Project("{9A19103F-16F7-4668-BE54-9A1E7A4F7556}") = "CourseLibrary.API", "CourseLibrary.API\CourseLibrary.API.csproj", "{111477C6-8895-4A64-B785-06651CFF18F4}"
EndProject
Project("{9A19103F-16F7-4668-BE54-9A1E7A4F7556}") = "CourseLib.Domain", "CourseLib.Domain\CourseLib.Domain.csproj", "{1F4D91FB-E3B0-4217-8513-E060126767E1}"
EndProject
Project("{9A19103F-16F7-4668-BE54-9A1E7A4F7556}") = "CourseLib.Data", "CourseLib.Data\CourseLib.Data.csproj", "{E982CB5F-FDB9-44F7-8BE2-BFB6D47DD0AD}"
EndProject
Global
	GlobalSection(SolutionConfigurationPlatforms) = preSolution
		Debug|Any CPU = Debug|Any CPU
		Debug|x64 = Debug|x64
		Debug|x86 = Debug|x86
		Release|Any CPU = Release|Any CPU
		Release|x64 = Release|x64
		Release|x86 = Release|x86
	EndGlobalSection
	GlobalSection(ProjectConfigurationPlatforms) = postSolution
		{111477C6-8895-4A64-B785-06651CFF18F4}.Debug|Any CPU.ActiveCfg = Debug|Any CPU
		{111477C6-8895-4A64-B785-06651CFF18F4}.Debug|Any CPU.Build.0 = Debug|Any CPU
		{111477C6-8895-4A64-B785-06651CFF18F4}.Debug|x64.ActiveCfg = Debug|Any CPU
		{111477C6-8895-4A64-B785-06651CFF18F4}.Debug|x64.Build.0 = Debug|Any CPU
		{111477C6-8895-4A64-B785-06651CFF18F4}.Debug|x86.ActiveCfg = Debug|Any CPU
		{111477C6-8895-4A64-B785-06651CFF18F4}.Debug|x86.Build.0 = Debug|Any CPU
		{111477C6-8895-4A64-B785-06651CFF18F4}.Release|Any CPU.ActiveCfg = Release|Any CPU
		{111477C6-8895-4A64-B785-06651CFF18F4}.Release|Any CPU.Build.0 = Release|Any CPU
		{111477C6-8895-4A64-B785-06651CFF18F4}.Release|x64.ActiveCfg = Release|Any CPU
		{111477C6-8895-4A64-B785-06651CFF18F4}.Release|x64.Build.0 = Release|Any CPU
		{111477C6-8895-4A64-B785-06651CFF18F4}.Release|x86.ActiveCfg = Release|Any CPU
		{111477C6-8895-4A64-B785-06651CFF18F4}.Release|x86.Build.0 = Release|Any CPU
		{1F4D91FB-E3B0-4217-8513-E060126767E1}.Debug|Any CPU.ActiveCfg = Debug|Any CPU
		{1F4D91FB-E3B0-4217-8513-E060126767E1}.Debug|Any CPU.Build.0 = Debug|Any CPU
		{1F4D91FB-E3B0-4217-8513-E060126767E1}.Debug|x64.ActiveCfg = Debug|Any CPU
		{1F4D91FB-E3B0-4217-8513-E060126767E1}.Debug|x64.Build.0 = Debug|Any CPU
		{1F4D91FB-E3B0-4217-8513-E060126767E1}.Debug|x86.ActiveCfg = Debug|Any CPU
		{1F4D91FB-E3B0-4217-8513-E060126767E1}.Debug|x86.Build.0 = Debug|Any CPU
		{1F4D91FB-E3B0-4217-8513-E060126767E1}.Release|Any CPU.ActiveCfg = Release|Any CPU
		{1F4D91FB-E3B0-4217-8513-E060126767E1}.Release|Any CPU.Build.0 = Release|Any CPU
		{1F4D91FB-E3B0-4217-8513-E060126767E1}.Release|x64.ActiveCfg = Release|Any CPU
		{1F4D91FB-E3B0-4217-8513-E060126767E1}.Release|x64.Build.0 = Release|Any CPU
		{1F4D91FB-E3B0-4217-8513-E060126767E1}.Release|x86.ActiveCfg = Release|Any CPU
		{1F4D91FB-E3B0-4217-8513-E060126767E1}.Release|x86.Build.0 = Release|Any CPU
		{E982CB5F-FDB9-44F7-8BE2-BFB6D47DD0AD}.Debug|Any CPU.ActiveCfg = Debug|Any CPU
		{E982CB5F-FDB9-44F7-8BE2-BFB6D47DD0AD}.Debug|Any CPU.Build.0 = Debug|Any CPU
		{E982CB5F-FDB9-44F7-8BE2-BFB6D47DD0AD}.Debug|x64.ActiveCfg = Debug|Any CPU
		{E982CB5F-FDB9-44F7-8BE2-BFB6D47DD0AD}.Debug|x64.Build.0 = Debug|Any CPU
		{E982CB5F-FDB9-44F7-8BE2-BFB6D47DD0AD}.Debug|x86.ActiveCfg = Debug|Any CPU
		{E982CB5F-FDB9-44F7-8BE2-BFB6D47DD0AD}.Debug|x86.Build.0 = Debug|Any CPU
		{E982CB5F-FDB9-44F7-8BE2-BFB6D47DD0AD}.Release|Any CPU.ActiveCfg = Release|Any CPU
		{E982CB5F-FDB9-44F7-8BE2-BFB6D47DD0AD}.Release|Any CPU.Build.0 = Release|Any CPU
		{E982CB5F-FDB9-44F7-8BE2-BFB6D47DD0AD}.Release|x64.ActiveCfg = Release|Any CPU
		{E982CB5F-FDB9-44F7-8BE2-BFB6D47DD0AD}.Release|x64.Build.0 = Release|Any CPU
		{E982CB5F-FDB9-44F7-8BE2-BFB6D47DD0AD}.Release|x86.ActiveCfg = Release|Any CPU
		{E982CB5F-FDB9-44F7-8BE2-BFB6D47DD0AD}.Release|x86.Build.0 = Release|Any CPU
	EndGlobalSection
	GlobalSection(SolutionProperties) = preSolution
		HideSolutionNode = FALSE
	EndGlobalSection
	GlobalSection(ExtensibilityGlobals) = postSolution
		SolutionGuid = {15D36456-794A-4A1A-8EFE-58FFE84071E8}
	EndGlobalSection
EndGlobal
